
Microsoft Visual Studio Solution File, Format Version 12.00
Project("{FAE04EC0-301F-11D3-BF4B-00C04F79EFBC}") = "HoudiniEngine.NET", "HoudiniEngine.NET\HoudiniEngine.NET.csproj", "{BD209451-5B75-429C-93DD-143685346A91}"
EndProject
Project("{FAE04EC0-301F-11D3-BF4B-00C04F79EFBC}") = "HoudiniEngine.NET.Example", "HoudiniEngine.NET.Example\HoudiniEngine.NET.Example.csproj", "{05B00DA6-B45D-42DF-A569-2E917F83C1C7}"
EndProject
Global
	GlobalSection(SolutionConfigurationPlatforms) = preSolution
		Debug|Any CPU = Debug|Any CPU
		Release|Any CPU = Release|Any CPU
	EndGlobalSection
	GlobalSection(ProjectConfigurationPlatforms) = postSolution
		{BD209451-5B75-429C-93DD-143685346A91}.Debug|Any CPU.ActiveCfg = Debug|Any CPU
		{BD209451-5B75-429C-93DD-143685346A91}.Debug|Any CPU.Build.0 = Debug|Any CPU
		{BD209451-5B75-429C-93DD-143685346A91}.Release|Any CPU.ActiveCfg = Release|Any CPU
		{BD209451-5B75-429C-93DD-143685346A91}.Release|Any CPU.Build.0 = Release|Any CPU
		{05B00DA6-B45D-42DF-A569-2E917F83C1C7}.Debug|Any CPU.ActiveCfg = Debug|Any CPU
		{05B00DA6-B45D-42DF-A569-2E917F83C1C7}.Debug|Any CPU.Build.0 = Debug|Any CPU
		{05B00DA6-B45D-42DF-A569-2E917F83C1C7}.Release|Any CPU.ActiveCfg = Release|Any CPU
		{05B00DA6-B45D-42DF-A569-2E917F83C1C7}.Release|Any CPU.Build.0 = Release|Any CPU
	EndGlobalSection
EndGlobal
